
Microsoft Visual Studio Solution File, Format Version 12.00
# Visual Studio 15
VisualStudioVersion = 15.0.28307.705
MinimumVisualStudioVersion = 10.0.40219.1
Project("{FAE04EC0-301F-11D3-BF4B-00C04F79EFBC}") = "Demo", "Demo\Demo.csproj", "{BB820452-6797-4245-8CC1-A19EB0A64FA8}"
EndProject
Global
	GlobalSection(SolutionConfigurationPlatforms) = preSolution
		Debug|Any CPU = Debug|Any CPU
		Release|Any CPU = Release|Any CPU
	EndGlobalSection
	GlobalSection(ProjectConfigurationPlatforms) = postSolution
		{BB820452-6797-4245-8CC1-A19EB0A64FA8}.Debug|Any CPU.ActiveCfg = Debug|Any CPU
		{BB820452-6797-4245-8CC1-A19EB0A64FA8}.Debug|Any CPU.Build.0 = Debug|Any CPU
		{BB820452-6797-4245-8CC1-A19EB0A64FA8}.Release|Any CPU.ActiveCfg = Release|Any CPU
		{BB820452-6797-4245-8CC1-A19EB0A64FA8}.Release|Any CPU.Build.0 = Release|Any CPU
	EndGlobalSection
	GlobalSection(SolutionProperties) = preSolution
		HideSolutionNode = FALSE
	EndGlobalSection
	GlobalSection(ExtensibilityGlobals) = postSolution
		SolutionGuid = {7D03D8E1-9B48-40CE-B8FF-FD5577AFD050}
	EndGlobalSection
EndGlobal
